{
  "name": "@valdio/react-native-scrollable-tabview",
  "version": "0.8.11",
  "lockfileVersion": 1,
  "requires": true,
  "dependencies": {
    "react-native-swRefresh": {
      "version": "1.2.3",
      "resolved": "http://registry.npm.taobao.org/react-native-swRefresh/download/react-native-swRefresh-1.2.3.tgz",
      "integrity": "sha1-hPqSXMEzIoEiUcAj8zHb/VwDCVo="
    }
  }
}
